<?xml version="1.0" encoding="utf-8"?>
<Project ToolsVersion="4.0" xmlns="http://schemas.microsoft.com/developer/msbuild/2003">
  <ItemGroup>
    <Filter Include="LithShared">
      <UniqueIdentifier>{6A1C3E52-2B7D-4F1E-9C1A-B7E3D1A0F002}</UniqueIdentifier>
    </Filter>
    <Filter Include="Source Files">
      <UniqueIdentifier>{42B420FC-AB0B-5301-89CB-E0F3C4DDB695}</UniqueIdentifier>
      <Extensions>cpp;c</Extensions>
    </Filter>
    <Filter Include="Header Files">
      <UniqueIdentifier>{4E31B4D4-07D1-588A-888E-78735331436C}</UniqueIdentifier>
      <Extensions>hpp;h</Extensions>
    </Filter>
    <Filter Include="Resource Files">
      <UniqueIdentifier>{19D68A04-6232-52D6-B9A2-86EE8FCD1414}</UniqueIdentifier>
      <Extensions>rc;rc2;ico</Extensions>
    </Filter>
  </ItemGroup>
  <ItemGroup>
    <ClCompile Include="$(LT2_DIR)\lithshared\butemgr\butemgr.cpp">
      <Filter>LithShared</Filter>
    </ClCompile>
    <ClCompile Include="..\Shared\GameType.cpp">
      <Filter>Source Files</Filter>
    </ClCompile>
    <ClCompile Include="..\Shared\MultiplayerMgrDefs.cpp">
      <Filter>Source Files</Filter>
    </ClCompile>
    <ClCompile Include="SelectConfigDlg.cpp">
      <Filter>Source Files</Filter>
    </ClCompile>
    <ClCompile Include="ServerApp.cpp">
      <Filter>Source Files</Filter>
    </ClCompile>
    <ClCompile Include="ServerDlg.cpp">
      <Filter>Source Files</Filter>
    </ClCompile>
    <ClCompile Include="..\Shared\ServerOptions.cpp">
      <Filter>Source Files</Filter>
    </ClCompile>
    <ClCompile Include="Splash.cpp">
      <Filter>Source Files</Filter>
    </ClCompile>
    <ClCompile Include="StdAfx.cpp">
      <Filter>Source Files</Filter>
    </ClCompile>
    <ClCompile Include="..\Shared\WinUtil.cpp">
      <Filter>Source Files</Filter>
    </ClCompile>
  </ItemGroup>
  <ItemGroup>
    <ClInclude Include="Resource.h">
      <Filter>Header Files</Filter>
    </ClInclude>
    <ClInclude Include="SelectConfigDlg.h">
      <Filter>Header Files</Filter>
    </ClInclude>
    <ClInclude Include="ServerApp.h">
      <Filter>Header Files</Filter>
    </ClInclude>
    <ClInclude Include="ServerDlg.h">
      <Filter>Header Files</Filter>
    </ClInclude>
    <ClInclude Include="..\Shared\ServerOptions.h">
      <Filter>Header Files</Filter>
    </ClInclude>
    <ClInclude Include="Splash.h">
      <Filter>Header Files</Filter>
    </ClInclude>
    <ClInclude Include="StdAfx.h">
      <Filter>Header Files</Filter>
    </ClInclude>
    <ClInclude Include="..\Shared\WinUtil.h">
      <Filter>Header Files</Filter>
    </ClInclude>
  </ItemGroup>
  <ItemGroup>
    <ResourceCompile Include="ServerApp.rc">
      <Filter>Resource Files</Filter>
    </ResourceCompile>
  </ItemGroup>
  <ItemGroup>
    <Image Include="res\splash.bmp" />
    <Image Include="res\alien1.ico">
      <Filter>Resource Files</Filter>
    </Image>
    <Image Include="res\corporat.ico">
      <Filter>Resource Files</Filter>
    </Image>
    <Image Include="res\ico00001.ico">
      <Filter>Resource Files</Filter>
    </Image>
    <Image Include="res\ico00002.ico">
      <Filter>Resource Files</Filter>
    </Image>
    <Image Include="res\ico00003.ico">
      <Filter>Resource Files</Filter>
    </Image>
    <Image Include="res\ico00004.ico">
      <Filter>Resource Files</Filter>
    </Image>
    <Image Include="res\marine1.ico">
      <Filter>Resource Files</Filter>
    </Image>
    <Image Include="res\predator.ico">
      <Filter>Resource Files</Filter>
    </Image>
    <Image Include="res\selected.ico">
      <Filter>Resource Files</Filter>
    </Image>
    <Image Include="res\ServerApp.ico">
      <Filter>Resource Files</Filter>
    </Image>
  </ItemGroup>
  <ItemGroup>
    <None Include="res\ServerApp.rc2">
      <Filter>Resource Files</Filter>
    </None>
  </ItemGroup>
</Project>
